
Microsoft Visual Studio Solution File, Format Version 12.00
# Visual Studio Version 17
VisualStudioVersion = 17.12.35527.113 d17.12
MinimumVisualStudioVersion = 10.0.40219.1
Project("{2150E333-8FDC-42A3-9474-1A3956D46DE8}") = "01.SOH.MAIN", "01.SOH.MAIN", "{07BB81B3-2EE5-43C5-9A75-0DA36AA221BB}"
EndProject
Project("{2150E333-8FDC-42A3-9474-1A3956D46DE8}") = "02.SOH.CORE", "02.SOH.CORE", "{DFF85B3F-FCB2-4696-94C1-A95D8F699CCC}"
EndProject
Project("{2150E333-8FDC-42A3-9474-1A3956D46DE8}") = "03.SOH.PERSISTENCE", "03.SOH.PERSISTENCE", "{9385E905-0FA5-4BC3-AA88-8913A6E35E00}"
EndProject
Project("{2150E333-8FDC-42A3-9474-1A3956D46DE8}") = "04.SOH.API", "04.SOH.API", "{79715ACB-612C-4745-B6AC-8C32D72C164A}"
EndProject
Project("{FAE04EC0-301F-11D3-BF4B-00C04F79EFBC}") = "SOH.MAIN", "SOH.MAIN\SOH.MAIN.csproj", "{DE7377EB-59F0-456A-A3B7-B8C2A2F7124B}"
EndProject
Project("{FAE04EC0-301F-11D3-BF4B-00C04F79EFBC}") = "SOH.CORE", "SOH.CORE\SOH.CORE.csproj", "{1AD17B23-9EA2-40BD-9E7F-61D79462AA8B}"
EndProject
Project("{FAE04EC0-301F-11D3-BF4B-00C04F79EFBC}") = "SOH.PERSISTENCE", "SOH.PERSISTENCE\SOH.PERSISTENCE.csproj", "{26A59897-2AA8-4437-8472-E05228D55FAE}"
EndProject
Project("{FAE04EC0-301F-11D3-BF4B-00C04F79EFBC}") = "SOH.API", "SOH.API\SOH.API.csproj", "{7AF60210-53EC-452A-A71E-092DC12477D0}"
EndProject
Global
	GlobalSection(SolutionConfigurationPlatforms) = preSolution
		Debug|Any CPU = Debug|Any CPU
		Release|Any CPU = Release|Any CPU
	EndGlobalSection
	GlobalSection(ProjectConfigurationPlatforms) = postSolution
		{DE7377EB-59F0-456A-A3B7-B8C2A2F7124B}.Debug|Any CPU.ActiveCfg = Debug|Any CPU
		{DE7377EB-59F0-456A-A3B7-B8C2A2F7124B}.Debug|Any CPU.Build.0 = Debug|Any CPU
		{DE7377EB-59F0-456A-A3B7-B8C2A2F7124B}.Release|Any CPU.ActiveCfg = Release|Any CPU
		{DE7377EB-59F0-456A-A3B7-B8C2A2F7124B}.Release|Any CPU.Build.0 = Release|Any CPU
		{1AD17B23-9EA2-40BD-9E7F-61D79462AA8B}.Debug|Any CPU.ActiveCfg = Debug|Any CPU
		{1AD17B23-9EA2-40BD-9E7F-61D79462AA8B}.Debug|Any CPU.Build.0 = Debug|Any CPU
		{1AD17B23-9EA2-40BD-9E7F-61D79462AA8B}.Release|Any CPU.ActiveCfg = Release|Any CPU
		{1AD17B23-9EA2-40BD-9E7F-61D79462AA8B}.Release|Any CPU.Build.0 = Release|Any CPU
		{26A59897-2AA8-4437-8472-E05228D55FAE}.Debug|Any CPU.ActiveCfg = Debug|Any CPU
		{26A59897-2AA8-4437-8472-E05228D55FAE}.Debug|Any CPU.Build.0 = Debug|Any CPU
		{26A59897-2AA8-4437-8472-E05228D55FAE}.Release|Any CPU.ActiveCfg = Release|Any CPU
		{26A59897-2AA8-4437-8472-E05228D55FAE}.Release|Any CPU.Build.0 = Release|Any CPU
		{7AF60210-53EC-452A-A71E-092DC12477D0}.Debug|Any CPU.ActiveCfg = Debug|Any CPU
		{7AF60210-53EC-452A-A71E-092DC12477D0}.Debug|Any CPU.Build.0 = Debug|Any CPU
		{7AF60210-53EC-452A-A71E-092DC12477D0}.Release|Any CPU.ActiveCfg = Release|Any CPU
		{7AF60210-53EC-452A-A71E-092DC12477D0}.Release|Any CPU.Build.0 = Release|Any CPU
	EndGlobalSection
	GlobalSection(SolutionProperties) = preSolution
		HideSolutionNode = FALSE
	EndGlobalSection
	GlobalSection(NestedProjects) = preSolution
		{DE7377EB-59F0-456A-A3B7-B8C2A2F7124B} = {07BB81B3-2EE5-43C5-9A75-0DA36AA221BB}
		{1AD17B23-9EA2-40BD-9E7F-61D79462AA8B} = {DFF85B3F-FCB2-4696-94C1-A95D8F699CCC}
		{26A59897-2AA8-4437-8472-E05228D55FAE} = {9385E905-0FA5-4BC3-AA88-8913A6E35E00}
		{7AF60210-53EC-452A-A71E-092DC12477D0} = {79715ACB-612C-4745-B6AC-8C32D72C164A}
	EndGlobalSection
EndGlobal
